
Microsoft Visual Studio Solution File, Format Version 12.00
# Visual Studio Version 16
VisualStudioVersion = 16.0.31624.102
MinimumVisualStudioVersion = 10.0.40219.1
Project("{9A19103F-16F7-4668-BE54-9A1E7A4F7556}") = "ShapeArea", "Task1\ShapeArea\ShapeArea.csproj", "{0561508D-7649-4D2D-8BE5-199863976E37}"
EndProject
Project("{9A19103F-16F7-4668-BE54-9A1E7A4F7556}") = "ShapeArea.UnitTests", "Task1\ShapeArea.UnitTests\ShapeArea.UnitTests.csproj", "{2F1F4545-009C-416C-9EAD-5D1AAB7F665A}"
EndProject
Global
	GlobalSection(SolutionConfigurationPlatforms) = preSolution
		Debug|Any CPU = Debug|Any CPU
		Release|Any CPU = Release|Any CPU
	EndGlobalSection
	GlobalSection(ProjectConfigurationPlatforms) = postSolution
		{0561508D-7649-4D2D-8BE5-199863976E37}.Debug|Any CPU.ActiveCfg = Debug|Any CPU
		{0561508D-7649-4D2D-8BE5-199863976E37}.Debug|Any CPU.Build.0 = Debug|Any CPU
		{0561508D-7649-4D2D-8BE5-199863976E37}.Release|Any CPU.ActiveCfg = Release|Any CPU
		{0561508D-7649-4D2D-8BE5-199863976E37}.Release|Any CPU.Build.0 = Release|Any CPU
		{2F1F4545-009C-416C-9EAD-5D1AAB7F665A}.Debug|Any CPU.ActiveCfg = Debug|Any CPU
		{2F1F4545-009C-416C-9EAD-5D1AAB7F665A}.Debug|Any CPU.Build.0 = Debug|Any CPU
		{2F1F4545-009C-416C-9EAD-5D1AAB7F665A}.Release|Any CPU.ActiveCfg = Release|Any CPU
		{2F1F4545-009C-416C-9EAD-5D1AAB7F665A}.Release|Any CPU.Build.0 = Release|Any CPU
	EndGlobalSection
	GlobalSection(SolutionProperties) = preSolution
		HideSolutionNode = FALSE
	EndGlobalSection
	GlobalSection(ExtensibilityGlobals) = postSolution
		SolutionGuid = {FE6928A2-019F-45D0-A456-36DEE8A49E7E}
	EndGlobalSection
EndGlobal
